// !$*UTF8*$!
{
	archiveVersion = 1;
	classes = {
	};
	objectVersion = 56;
	objects = {

/* Begin PBXBuildFile section */
		67F2BA45E75893246B752CD0 /* Pods_TMDB.framework in Frameworks */ = {isa = PBXBuildFile; fileRef = D31E6565DE658506D016EB2D /* Pods_TMDB.framework */; };
		6B0F7F0E29A79A080009514C /* TMDBApi.swift in Sources */ = {isa = PBXBuildFile; fileRef = 6B0F7F0D29A79A080009514C /* TMDBApi.swift */; };
		6B0F7F1029A79F380009514C /* FeaturedViewModel.swift in Sources */ = {isa = PBXBuildFile; fileRef = 6B0F7F0F29A79F380009514C /* FeaturedViewModel.swift */; };
		6B1340E229A796A800949850 /* BaseCell.swift in Sources */ = {isa = PBXBuildFile; fileRef = 6B1340E129A796A800949850 /* BaseCell.swift */; };
		6B1340E529A796ED00949850 /* Movie.swift in Sources */ = {isa = PBXBuildFile; fileRef = 6B1340E429A796ED00949850 /* Movie.swift */; };
		6B1C152929AB592E00B02CB4 /* SectionHeader.swift in Sources */ = {isa = PBXBuildFile; fileRef = 6B1C152829AB592E00B02CB4 /* SectionHeader.swift */; };
		6B1C152B29AB816100B02CB4 /* TabBarController.swift in Sources */ = {isa = PBXBuildFile; fileRef = 6B1C152A29AB816100B02CB4 /* TabBarController.swift */; };
		6B1C152F29AB88DB00B02CB4 /* MovieDetailViewController.swift in Sources */ = {isa = PBXBuildFile; fileRef = 6B1C152E29AB88DB00B02CB4 /* MovieDetailViewController.swift */; };
		6B1C153129ABB39800B02CB4 /* MovieDetailViewModel.swift in Sources */ = {isa = PBXBuildFile; fileRef = 6B1C153029ABB39800B02CB4 /* MovieDetailViewModel.swift */; };
		6B1C153329ABB89100B02CB4 /* MovieTrailer.swift in Sources */ = {isa = PBXBuildFile; fileRef = 6B1C153229ABB89100B02CB4 /* MovieTrailer.swift */; };
		6B43AD4F29AFA75500411D25 /* GenreViewController.swift in Sources */ = {isa = PBXBuildFile; fileRef = 6B43AD4E29AFA75500411D25 /* GenreViewController.swift */; };
		6B43AD5129AFAA8900411D25 /* GenreViewModel.swift in Sources */ = {isa = PBXBuildFile; fileRef = 6B43AD5029AFAA8900411D25 /* GenreViewModel.swift */; };
		6B43AD5329AFAACC00411D25 /* Genre.swift in Sources */ = {isa = PBXBuildFile; fileRef = 6B43AD5229AFAACC00411D25 /* Genre.swift */; };
		6B43AD5929AFB10300411D25 /* GenreViewCell.swift in Sources */ = {isa = PBXBuildFile; fileRef = 6B43AD5729AFB10300411D25 /* GenreViewCell.swift */; };
		6B43AD5A29AFB10300411D25 /* GenreViewCell.xib in Resources */ = {isa = PBXBuildFile; fileRef = 6B43AD5829AFB10300411D25 /* GenreViewCell.xib */; };
		6B6226FD29AB1BDE00CC78A4 /* NowPlaying.swift in Sources */ = {isa = PBXBuildFile; fileRef = 6B6226FB29AB1BDE00CC78A4 /* NowPlaying.swift */; };
		6B6226FE29AB1BDE00CC78A4 /* NowPlaying.xib in Resources */ = {isa = PBXBuildFile; fileRef = 6B6226FC29AB1BDE00CC78A4 /* NowPlaying.xib */; };
		6B62270529AB1C6300CC78A4 /* TrendingMovieCell.swift in Sources */ = {isa = PBXBuildFile; fileRef = 6B62270329AB1C6300CC78A4 /* TrendingMovieCell.swift */; };
		6B62270629AB1C6300CC78A4 /* TrendingMovieCell.xib in Resources */ = {isa = PBXBuildFile; fileRef = 6B62270429AB1C6300CC78A4 /* TrendingMovieCell.xib */; };
		6B62270A29AB3B6C00CC78A4 /* Constant.swift in Sources */ = {isa = PBXBuildFile; fileRef = 6B62270929AB3B6C00CC78A4 /* Constant.swift */; };
		6BA1DC8029ABCD21008C03C2 /* PopUpTrailerViewController.swift in Sources */ = {isa = PBXBuildFile; fileRef = 6BA1DC7F29ABCD21008C03C2 /* PopUpTrailerViewController.swift */; };
		6BA6496629A0CA47000EFC05 /* AppDelegate.swift in Sources */ = {isa = PBXBuildFile; fileRef = 6BA6496529A0CA47000EFC05 /* AppDelegate.swift */; };
		6BA6496829A0CA47000EFC05 /* SceneDelegate.swift in Sources */ = {isa = PBXBuildFile; fileRef = 6BA6496729A0CA47000EFC05 /* SceneDelegate.swift */; };
		6BA6496A29A0CA47000EFC05 /* FeaturedViewController.swift in Sources */ = {isa = PBXBuildFile; fileRef = 6BA6496929A0CA47000EFC05 /* FeaturedViewController.swift */; };
		6BA6496D29A0CA47000EFC05 /* Main.storyboard in Resources */ = {isa = PBXBuildFile; fileRef = 6BA6496B29A0CA47000EFC05 /* Main.storyboard */; };
		6BA6497029A0CA47000EFC05 /* TMDB.xcdatamodeld in Sources */ = {isa = PBXBuildFile; fileRef = 6BA6496E29A0CA47000EFC05 /* TMDB.xcdatamodeld */; };
		6BA6497229A0CA47000EFC05 /* Assets.xcassets in Resources */ = {isa = PBXBuildFile; fileRef = 6BA6497129A0CA47000EFC05 /* Assets.xcassets */; };
		6BA6497529A0CA47000EFC05 /* LaunchScreen.storyboard in Resources */ = {isa = PBXBuildFile; fileRef = 6BA6497329A0CA47000EFC05 /* LaunchScreen.storyboard */; };
		6BB01DFE29C0C60F003FB50B /* AuthenticationRouter.swift in Sources */ = {isa = PBXBuildFile; fileRef = 6BB01DFD29C0C60F003FB50B /* AuthenticationRouter.swift */; };
		6BBE3FAD29B8B73200BCB319 /* BaseRouter.swift in Sources */ = {isa = PBXBuildFile; fileRef = 6BBE3FAC29B8B73200BCB319 /* BaseRouter.swift */; };
		6BC774E629B77D69006FD215 /* TmdbApiRouter.swift in Sources */ = {isa = PBXBuildFile; fileRef = 6BC774E529B77D69006FD215 /* TmdbApiRouter.swift */; };
		6BC774E829B77E82006FD215 /* FeaturedRouter.swift in Sources */ = {isa = PBXBuildFile; fileRef = 6BC774E729B77E82006FD215 /* FeaturedRouter.swift */; };
		6BD46D9C29B2ED0200D15041 /* AccountViewController.swift in Sources */ = {isa = PBXBuildFile; fileRef = 6BD46D9B29B2ED0200D15041 /* AccountViewController.swift */; };
		6BD46D9E29B2ED0E00D15041 /* AccountViewModel.swift in Sources */ = {isa = PBXBuildFile; fileRef = 6BD46D9D29B2ED0E00D15041 /* AccountViewModel.swift */; };
		6BD46DA029B2EDC500D15041 /* UserModel.swift in Sources */ = {isa = PBXBuildFile; fileRef = 6BD46D9F29B2EDC500D15041 /* UserModel.swift */; };
		6BD46DA229B3063900D15041 /* Authentication.swift in Sources */ = {isa = PBXBuildFile; fileRef = 6BD46DA129B3063900D15041 /* Authentication.swift */; };
		6BD46DA429B3074600D15041 /* LoginViewController.swift in Sources */ = {isa = PBXBuildFile; fileRef = 6BD46DA329B3074600D15041 /* LoginViewController.swift */; };
		6BD46DA629B3404700D15041 /* UserViewController.swift in Sources */ = {isa = PBXBuildFile; fileRef = 6BD46DA529B3404700D15041 /* UserViewController.swift */; };
		6BD46DA829B37DBD00D15041 /* LoginViewModel.swift in Sources */ = {isa = PBXBuildFile; fileRef = 6BD46DA729B37DBD00D15041 /* LoginViewModel.swift */; };
/* End PBXBuildFile section */

/* Begin PBXFileReference section */
		00DC0A483E973669B29A5C6D /* Pods-TMDB.debug.xcconfig */ = {isa = PBXFileReference; includeInIndex = 1; lastKnownFileType = text.xcconfig; name = "Pods-TMDB.debug.xcconfig"; path = "Target Support Files/Pods-TMDB/Pods-TMDB.debug.xcconfig"; sourceTree = "<group>"; };
		2DB3430C31A83BDE3B5B0163 /* Pods-TMDB.release.xcconfig */ = {isa = PBXFileReference; includeInIndex = 1; lastKnownFileType = text.xcconfig; name = "Pods-TMDB.release.xcconfig"; path = "Target Support Files/Pods-TMDB/Pods-TMDB.release.xcconfig"; sourceTree = "<group>"; };
		6B0F7F0D29A79A080009514C /* TMDBApi.swift */ = {isa = PBXFileReference; lastKnownFileType = sourcecode.swift; path = TMDBApi.swift; sourceTree = "<group>"; };
		6B0F7F0F29A79F380009514C /* FeaturedViewModel.swift */ = {isa = PBXFileReference; lastKnownFileType = sourcecode.swift; path = FeaturedViewModel.swift; sourceTree = "<group>"; };
		6B1340E129A796A800949850 /* BaseCell.swift */ = {isa = PBXFileReference; lastKnownFileType = sourcecode.swift; path = BaseCell.swift; sourceTree = "<group>"; };
		6B1340E429A796ED00949850 /* Movie.swift */ = {isa = PBXFileReference; lastKnownFileType = sourcecode.swift; path = Movie.swift; sourceTree = "<group>"; };
		6B1C152829AB592E00B02CB4 /* SectionHeader.swift */ = {isa = PBXFileReference; lastKnownFileType = sourcecode.swift; path = SectionHeader.swift; sourceTree = "<group>"; };
		6B1C152A29AB816100B02CB4 /* TabBarController.swift */ = {isa = PBXFileReference; lastKnownFileType = sourcecode.swift; path = TabBarController.swift; sourceTree = "<group>"; };
		6B1C152E29AB88DB00B02CB4 /* MovieDetailViewController.swift */ = {isa = PBXFileReference; lastKnownFileType = sourcecode.swift; path = MovieDetailViewController.swift; sourceTree = "<group>"; };
		6B1C153029ABB39800B02CB4 /* MovieDetailViewModel.swift */ = {isa = PBXFileReference; lastKnownFileType = sourcecode.swift; path = MovieDetailViewModel.swift; sourceTree = "<group>"; };
		6B1C153229ABB89100B02CB4 /* MovieTrailer.swift */ = {isa = PBXFileReference; lastKnownFileType = sourcecode.swift; path = MovieTrailer.swift; sourceTree = "<group>"; };
		6B43AD4E29AFA75500411D25 /* GenreViewController.swift */ = {isa = PBXFileReference; lastKnownFileType = sourcecode.swift; path = GenreViewController.swift; sourceTree = "<group>"; };
		6B43AD5029AFAA8900411D25 /* GenreViewModel.swift */ = {isa = PBXFileReference; lastKnownFileType = sourcecode.swift; path = GenreViewModel.swift; sourceTree = "<group>"; };
		6B43AD5229AFAACC00411D25 /* Genre.swift */ = {isa = PBXFileReference; lastKnownFileType = sourcecode.swift; path = Genre.swift; sourceTree = "<group>"; };
		6B43AD5729AFB10300411D25 /* GenreViewCell.swift */ = {isa = PBXFileReference; lastKnownFileType = sourcecode.swift; path = GenreViewCell.swift; sourceTree = "<group>"; };
		6B43AD5829AFB10300411D25 /* GenreViewCell.xib */ = {isa = PBXFileReference; lastKnownFileType = file.xib; path = GenreViewCell.xib; sourceTree = "<group>"; };
		6B6226FB29AB1BDE00CC78A4 /* NowPlaying.swift */ = {isa = PBXFileReference; lastKnownFileType = sourcecode.swift; path = NowPlaying.swift; sourceTree = "<group>"; };
		6B6226FC29AB1BDE00CC78A4 /* NowPlaying.xib */ = {isa = PBXFileReference; lastKnownFileType = file.xib; path = NowPlaying.xib; sourceTree = "<group>"; };
		6B62270329AB1C6300CC78A4 /* TrendingMovieCell.swift */ = {isa = PBXFileReference; lastKnownFileType = sourcecode.swift; path = TrendingMovieCell.swift; sourceTree = "<group>"; };
		6B62270429AB1C6300CC78A4 /* TrendingMovieCell.xib */ = {isa = PBXFileReference; lastKnownFileType = file.xib; path = TrendingMovieCell.xib; sourceTree = "<group>"; };
		6B62270929AB3B6C00CC78A4 /* Constant.swift */ = {isa = PBXFileReference; lastKnownFileType = sourcecode.swift; path = Constant.swift; sourceTree = "<group>"; };
		6BA1DC7F29ABCD21008C03C2 /* PopUpTrailerViewController.swift */ = {isa = PBXFileReference; lastKnownFileType = sourcecode.swift; path = PopUpTrailerViewController.swift; sourceTree = "<group>"; };
		6BA6496229A0CA47000EFC05 /* TMDB.app */ = {isa = PBXFileReference; explicitFileType = wrapper.application; includeInIndex = 0; path = TMDB.app; sourceTree = BUILT_PRODUCTS_DIR; };
		6BA6496529A0CA47000EFC05 /* AppDelegate.swift */ = {isa = PBXFileReference; lastKnownFileType = sourcecode.swift; path = AppDelegate.swift; sourceTree = "<group>"; };
		6BA6496729A0CA47000EFC05 /* SceneDelegate.swift */ = {isa = PBXFileReference; lastKnownFileType = sourcecode.swift; path = SceneDelegate.swift; sourceTree = "<group>"; };
		6BA6496929A0CA47000EFC05 /* FeaturedViewController.swift */ = {isa = PBXFileReference; lastKnownFileType = sourcecode.swift; path = FeaturedViewController.swift; sourceTree = "<group>"; };
		6BA6496C29A0CA47000EFC05 /* Base */ = {isa = PBXFileReference; lastKnownFileType = file.storyboard; name = Base; path = Base.lproj/Main.storyboard; sourceTree = "<group>"; };
		6BA6496F29A0CA47000EFC05 /* TMDB.xcdatamodel */ = {isa = PBXFileReference; lastKnownFileType = wrapper.xcdatamodel; path = TMDB.xcdatamodel; sourceTree = "<group>"; };
		6BA6497129A0CA47000EFC05 /* Assets.xcassets */ = {isa = PBXFileReference; lastKnownFileType = folder.assetcatalog; path = Assets.xcassets; sourceTree = "<group>"; };
		6BA6497429A0CA47000EFC05 /* Base */ = {isa = PBXFileReference; lastKnownFileType = file.storyboard; name = Base; path = Base.lproj/LaunchScreen.storyboard; sourceTree = "<group>"; };
		6BA6497629A0CA47000EFC05 /* Info.plist */ = {isa = PBXFileReference; lastKnownFileType = text.plist.xml; path = Info.plist; sourceTree = "<group>"; };
		6BB01DFD29C0C60F003FB50B /* AuthenticationRouter.swift */ = {isa = PBXFileReference; lastKnownFileType = sourcecode.swift; path = AuthenticationRouter.swift; sourceTree = "<group>"; };
		6BBE3FAC29B8B73200BCB319 /* BaseRouter.swift */ = {isa = PBXFileReference; lastKnownFileType = sourcecode.swift; path = BaseRouter.swift; sourceTree = "<group>"; };
		6BC774E529B77D69006FD215 /* TmdbApiRouter.swift */ = {isa = PBXFileReference; lastKnownFileType = sourcecode.swift; path = TmdbApiRouter.swift; sourceTree = "<group>"; };
		6BC774E729B77E82006FD215 /* FeaturedRouter.swift */ = {isa = PBXFileReference; lastKnownFileType = sourcecode.swift; path = FeaturedRouter.swift; sourceTree = "<group>"; };
		6BD46D9B29B2ED0200D15041 /* AccountViewController.swift */ = {isa = PBXFileReference; lastKnownFileType = sourcecode.swift; path = AccountViewController.swift; sourceTree = "<group>"; };
		6BD46D9D29B2ED0E00D15041 /* AccountViewModel.swift */ = {isa = PBXFileReference; lastKnownFileType = sourcecode.swift; path = AccountViewModel.swift; sourceTree = "<group>"; };
		6BD46D9F29B2EDC500D15041 /* UserModel.swift */ = {isa = PBXFileReference; lastKnownFileType = sourcecode.swift; path = UserModel.swift; sourceTree = "<group>"; };
		6BD46DA129B3063900D15041 /* Authentication.swift */ = {isa = PBXFileReference; lastKnownFileType = sourcecode.swift; path = Authentication.swift; sourceTree = "<group>"; };
		6BD46DA329B3074600D15041 /* LoginViewController.swift */ = {isa = PBXFileReference; lastKnownFileType = sourcecode.swift; path = LoginViewController.swift; sourceTree = "<group>"; };
		6BD46DA529B3404700D15041 /* UserViewController.swift */ = {isa = PBXFileReference; lastKnownFileType = sourcecode.swift; path = UserViewController.swift; sourceTree = "<group>"; };
		6BD46DA729B37DBD00D15041 /* LoginViewModel.swift */ = {isa = PBXFileReference; lastKnownFileType = sourcecode.swift; path = LoginViewModel.swift; sourceTree = "<group>"; };
		D31E6565DE658506D016EB2D /* Pods_TMDB.framework */ = {isa = PBXFileReference; explicitFileType = wrapper.framework; includeInIndex = 0; path = Pods_TMDB.framework; sourceTree = BUILT_PRODUCTS_DIR; };
/* End PBXFileReference section */

/* Begin PBXFrameworksBuildPhase section */
		6BA6495F29A0CA47000EFC05 /* Frameworks */ = {
			isa = PBXFrameworksBuildPhase;
			buildActionMask = 2147483647;
			files = (
				67F2BA45E75893246B752CD0 /* Pods_TMDB.framework in Frameworks */,
			);
			runOnlyForDeploymentPostprocessing = 0;
		};
/* End PBXFrameworksBuildPhase section */

/* Begin PBXGroup section */
		2602B4712129EF8EED5D1599 /* Frameworks */ = {
			isa = PBXGroup;
			children = (
				D31E6565DE658506D016EB2D /* Pods_TMDB.framework */,
			);
			name = Frameworks;
			sourceTree = "<group>";
		};
		5EAEDBFAE905D86FD7671E93 /* Pods */ = {
			isa = PBXGroup;
			children = (
				00DC0A483E973669B29A5C6D /* Pods-TMDB.debug.xcconfig */,
				2DB3430C31A83BDE3B5B0163 /* Pods-TMDB.release.xcconfig */,
			);
			path = Pods;
			sourceTree = "<group>";
		};
		6B0F7F0C29A799AC0009514C /* Service */ = {
			isa = PBXGroup;
			children = (
				6B0F7F0D29A79A080009514C /* TMDBApi.swift */,
				6BC774E529B77D69006FD215 /* TmdbApiRouter.swift */,
			);
			path = Service;
			sourceTree = "<group>";
		};
		6B1340DF29A7967000949850 /* Cell */ = {
			isa = PBXGroup;
			children = (
				6B43AD5429AFB0B300411D25 /* Genre */,
				6B1340E029A7968C00949850 /* Movie */,
				6B1C152829AB592E00B02CB4 /* SectionHeader.swift */,
			);
			path = Cell;
			sourceTree = "<group>";
		};
		6B1340E029A7968C00949850 /* Movie */ = {
			isa = PBXGroup;
			children = (
				6B62270729AB1C6800CC78A4 /* NowPlaying */,
				6BAFBDB729AB1B170022EE61 /* Trending */,
			);
			path = Movie;
			sourceTree = "<group>";
		};
		6B1340E329A796E200949850 /* Model */ = {
			isa = PBXGroup;
			children = (
				6B1340E429A796ED00949850 /* Movie.swift */,
				6B1C153229ABB89100B02CB4 /* MovieTrailer.swift */,
				6B43AD5229AFAACC00411D25 /* Genre.swift */,
				6BD46D9F29B2EDC500D15041 /* UserModel.swift */,
			);
			path = Model;
			sourceTree = "<group>";
		};
		6B1340EA29A798B500949850 /* Usecases */ = {
			isa = PBXGroup;
			children = (
				6BD46D9829B2E6B400D15041 /* Account */,
				6B43AD4D29AFA71F00411D25 /* Categories */,
				6BA1DC7E29ABCD03008C03C2 /* PopUpTrailer */,
				6B1C152D29AB888200B02CB4 /* MovieDetail */,
				6B1C152C29AB887400B02CB4 /* Feature */,
				6B1C152A29AB816100B02CB4 /* TabBarController.swift */,
			);
			path = Usecases;
			sourceTree = "<group>";
		};
		6B1C152C29AB887400B02CB4 /* Feature */ = {
			isa = PBXGroup;
			children = (
				6BA6496929A0CA47000EFC05 /* FeaturedViewController.swift */,
				6B0F7F0F29A79F380009514C /* FeaturedViewModel.swift */,
			);
			path = Feature;
			sourceTree = "<group>";
		};
		6B1C152D29AB888200B02CB4 /* MovieDetail */ = {
			isa = PBXGroup;
			children = (
				6B1C152E29AB88DB00B02CB4 /* MovieDetailViewController.swift */,
				6B1C153029ABB39800B02CB4 /* MovieDetailViewModel.swift */,
			);
			path = MovieDetail;
			sourceTree = "<group>";
		};
		6B43AD4D29AFA71F00411D25 /* Categories */ = {
			isa = PBXGroup;
			children = (
				6B43AD4E29AFA75500411D25 /* GenreViewController.swift */,
				6B43AD5029AFAA8900411D25 /* GenreViewModel.swift */,
			);
			path = Categories;
			sourceTree = "<group>";
		};
		6B43AD5429AFB0B300411D25 /* Genre */ = {
			isa = PBXGroup;
			children = (
				6B43AD5729AFB10300411D25 /* GenreViewCell.swift */,
				6B43AD5829AFB10300411D25 /* GenreViewCell.xib */,
			);
			path = Genre;
			sourceTree = "<group>";
		};
		6B62270729AB1C6800CC78A4 /* NowPlaying */ = {
			isa = PBXGroup;
			children = (
				6B6226FB29AB1BDE00CC78A4 /* NowPlaying.swift */,
				6B6226FC29AB1BDE00CC78A4 /* NowPlaying.xib */,
			);
			path = NowPlaying;
			sourceTree = "<group>";
		};
		6B62270829AB3B5D00CC78A4 /* Utils */ = {
			isa = PBXGroup;
			children = (
				6B62270929AB3B6C00CC78A4 /* Constant.swift */,
			);
			path = Utils;
			sourceTree = "<group>";
		};
		6BA1DC7E29ABCD03008C03C2 /* PopUpTrailer */ = {
			isa = PBXGroup;
			children = (
				6BA1DC7F29ABCD21008C03C2 /* PopUpTrailerViewController.swift */,
			);
			path = PopUpTrailer;
			sourceTree = "<group>";
		};
		6BA6495929A0CA47000EFC05 = {
			isa = PBXGroup;
			children = (
				6BA6496429A0CA47000EFC05 /* TMDB */,
				6BA6496329A0CA47000EFC05 /* Products */,
				5EAEDBFAE905D86FD7671E93 /* Pods */,
				2602B4712129EF8EED5D1599 /* Frameworks */,
			);
			sourceTree = "<group>";
		};
		6BA6496329A0CA47000EFC05 /* Products */ = {
			isa = PBXGroup;
			children = (
				6BA6496229A0CA47000EFC05 /* TMDB.app */,
			);
			name = Products;
			sourceTree = "<group>";
		};
		6BA6496429A0CA47000EFC05 /* TMDB */ = {
			isa = PBXGroup;
			children = (
				6BB01DFC29C0C5EE003FB50B /* Router */,
				6B62270829AB3B5D00CC78A4 /* Utils */,
				6B0F7F0C29A799AC0009514C /* Service */,
				6B1340EA29A798B500949850 /* Usecases */,
				6B1340E329A796E200949850 /* Model */,
				6BA6497D29A0DD4D000EFC05 /* Resource */,
				6BA6497C29A0DD07000EFC05 /* Base */,
				6BA6497629A0CA47000EFC05 /* Info.plist */,
				6BA6496E29A0CA47000EFC05 /* TMDB.xcdatamodeld */,
			);
			path = TMDB;
			sourceTree = "<group>";
		};
		6BA6497C29A0DD07000EFC05 /* Base */ = {
			isa = PBXGroup;
			children = (
				6B1340E129A796A800949850 /* BaseCell.swift */,
				6BBE3FAC29B8B73200BCB319 /* BaseRouter.swift */,
			);
			path = Base;
			sourceTree = "<group>";
		};
		6BA6497D29A0DD4D000EFC05 /* Resource */ = {
			isa = PBXGroup;
			children = (
				6B1340DF29A7967000949850 /* Cell */,
				6BA6496729A0CA47000EFC05 /* SceneDelegate.swift */,
				6BA6496529A0CA47000EFC05 /* AppDelegate.swift */,
				6BA6496B29A0CA47000EFC05 /* Main.storyboard */,
				6BA6497129A0CA47000EFC05 /* Assets.xcassets */,
				6BA6497329A0CA47000EFC05 /* LaunchScreen.storyboard */,
			);
			path = Resource;
			sourceTree = "<group>";
		};
		6BAFBDB729AB1B170022EE61 /* Trending */ = {
			isa = PBXGroup;
			children = (
				6B62270329AB1C6300CC78A4 /* TrendingMovieCell.swift */,
				6B62270429AB1C6300CC78A4 /* TrendingMovieCell.xib */,
			);
			path = Trending;
			sourceTree = "<group>";
		};
		6BB01DFC29C0C5EE003FB50B /* Router */ = {
			isa = PBXGroup;
			children = (
				6BC774E729B77E82006FD215 /* FeaturedRouter.swift */,
				6BB01DFD29C0C60F003FB50B /* AuthenticationRouter.swift */,
			);
			path = Router;
			sourceTree = "<group>";
		};
		6BD46D9829B2E6B400D15041 /* Account */ = {
			isa = PBXGroup;
			children = (
				6BD46D9929B2ECB200D15041 /* Login */,
				6BD46D9B29B2ED0200D15041 /* AccountViewController.swift */,
				6BD46D9D29B2ED0E00D15041 /* AccountViewModel.swift */,
				6BD46DA529B3404700D15041 /* UserViewController.swift */,
			);
			path = Account;
			sourceTree = "<group>";
		};
		6BD46D9929B2ECB200D15041 /* Login */ = {
			isa = PBXGroup;
			children = (
				6BD46D9A29B2ECB800D15041 /* Authentication */,
				6BD46DA329B3074600D15041 /* LoginViewController.swift */,
				6BD46DA729B37DBD00D15041 /* LoginViewModel.swift */,
			);
			path = Login;
			sourceTree = "<group>";
		};
		6BD46D9A29B2ECB800D15041 /* Authentication */ = {
			isa = PBXGroup;
			children = (
				6BD46DA129B3063900D15041 /* Authentication.swift */,
			);
			path = Authentication;
			sourceTree = "<group>";
		};
/* End PBXGroup section */

/* Begin PBXNativeTarget section */
		6BA6496129A0CA47000EFC05 /* TMDB */ = {
			isa = PBXNativeTarget;
			buildConfigurationList = 6BA6497929A0CA47000EFC05 /* Build configuration list for PBXNativeTarget "TMDB" */;
			buildPhases = (
				B036A6848EC7F31C81B321B4 /* [CP] Check Pods Manifest.lock */,
				6BA6495E29A0CA47000EFC05 /* Sources */,
				6BA6495F29A0CA47000EFC05 /* Frameworks */,
				6BA6496029A0CA47000EFC05 /* Resources */,
				91AC1D2D5199160E020ECDC4 /* [CP] Embed Pods Frameworks */,
			);
			buildRules = (
			);
			dependencies = (
			);
			name = TMDB;
			productName = TMDB;
			productReference = 6BA6496229A0CA47000EFC05 /* TMDB.app */;
			productType = "com.apple.product-type.application";
		};
/* End PBXNativeTarget section */

/* Begin PBXProject section */
		6BA6495A29A0CA47000EFC05 /* Project object */ = {
			isa = PBXProject;
			attributes = {
				BuildIndependentTargetsInParallel = 1;
				LastSwiftUpdateCheck = 1420;
				LastUpgradeCheck = 1420;
				TargetAttributes = {
					6BA6496129A0CA47000EFC05 = {
						CreatedOnToolsVersion = 14.2;
					};
				};
			};
			buildConfigurationList = 6BA6495D29A0CA47000EFC05 /* Build configuration list for PBXProject "TMDB" */;
			compatibilityVersion = "Xcode 14.0";
			developmentRegion = en;
			hasScannedForEncodings = 0;
			knownRegions = (
				en,
				Base,
			);
			mainGroup = 6BA6495929A0CA47000EFC05;
			productRefGroup = 6BA6496329A0CA47000EFC05 /* Products */;
			projectDirPath = "";
			projectRoot = "";
			targets = (
				6BA6496129A0CA47000EFC05 /* TMDB */,
			);
		};
/* End PBXProject section */

/* Begin PBXResourcesBuildPhase section */
		6BA6496029A0CA47000EFC05 /* Resources */ = {
			isa = PBXResourcesBuildPhase;
			buildActionMask = 2147483647;
			files = (
				6B6226FE29AB1BDE00CC78A4 /* NowPlaying.xib in Resources */,
				6BA6497529A0CA47000EFC05 /* LaunchScreen.storyboard in Resources */,
				6B43AD5A29AFB10300411D25 /* GenreViewCell.xib in Resources */,
				6BA6497229A0CA47000EFC05 /* Assets.xcassets in Resources */,
				6BA6496D29A0CA47000EFC05 /* Main.storyboard in Resources */,
				6B62270629AB1C6300CC78A4 /* TrendingMovieCell.xib in Resources */,
			);
			runOnlyForDeploymentPostprocessing = 0;
		};
/* End PBXResourcesBuildPhase section */

/* Begin PBXShellScriptBuildPhase section */
		91AC1D2D5199160E020ECDC4 /* [CP] Embed Pods Frameworks */ = {
			isa = PBXShellScriptBuildPhase;
			buildActionMask = 2147483647;
			files = (
			);
			inputFileListPaths = (
				"${PODS_ROOT}/Target Support Files/Pods-TMDB/Pods-TMDB-frameworks-${CONFIGURATION}-input-files.xcfilelist",
			);
			name = "[CP] Embed Pods Frameworks";
			outputFileListPaths = (
				"${PODS_ROOT}/Target Support Files/Pods-TMDB/Pods-TMDB-frameworks-${CONFIGURATION}-output-files.xcfilelist",
			);
			runOnlyForDeploymentPostprocessing = 0;
			shellPath = /bin/sh;
			shellScript = "\"${PODS_ROOT}/Target Support Files/Pods-TMDB/Pods-TMDB-frameworks.sh\"\n";
			showEnvVarsInLog = 0;
		};
		B036A6848EC7F31C81B321B4 /* [CP] Check Pods Manifest.lock */ = {
			isa = PBXShellScriptBuildPhase;
			buildActionMask = 2147483647;
			files = (
			);
			inputFileListPaths = (
			);
			inputPaths = (
				"${PODS_PODFILE_DIR_PATH}/Podfile.lock",
				"${PODS_ROOT}/Manifest.lock",
			);
			name = "[CP] Check Pods Manifest.lock";
			outputFileListPaths = (
			);
			outputPaths = (
				"$(DERIVED_FILE_DIR)/Pods-TMDB-checkManifestLockResult.txt",
			);
			runOnlyForDeploymentPostprocessing = 0;
			shellPath = /bin/sh;
			shellScript = "diff \"${PODS_PODFILE_DIR_PATH}/Podfile.lock\" \"${PODS_ROOT}/Manifest.lock\" > /dev/null\nif [ $? != 0 ] ; then\n    # print error to STDERR\n    echo \"error: The sandbox is not in sync with the Podfile.lock. Run 'pod install' or update your CocoaPods installation.\" >&2\n    exit 1\nfi\n# This output is used by Xcode 'outputs' to avoid re-running this script phase.\necho \"SUCCESS\" > \"${SCRIPT_OUTPUT_FILE_0}\"\n";
			showEnvVarsInLog = 0;
		};
/* End PBXShellScriptBuildPhase section */

/* Begin PBXSourcesBuildPhase section */
		6BA6495E29A0CA47000EFC05 /* Sources */ = {
			isa = PBXSourcesBuildPhase;
			buildActionMask = 2147483647;
			files = (
				6BC774E829B77E82006FD215 /* FeaturedRouter.swift in Sources */,
				6B1C153329ABB89100B02CB4 /* MovieTrailer.swift in Sources */,
				6BD46DA629B3404700D15041 /* UserViewController.swift in Sources */,
				6BB01DFE29C0C60F003FB50B /* AuthenticationRouter.swift in Sources */,
				6BA6497029A0CA47000EFC05 /* TMDB.xcdatamodeld in Sources */,
				6B43AD4F29AFA75500411D25 /* GenreViewController.swift in Sources */,
				6BA1DC8029ABCD21008C03C2 /* PopUpTrailerViewController.swift in Sources */,
				6BBE3FAD29B8B73200BCB319 /* BaseRouter.swift in Sources */,
				6B1C152B29AB816100B02CB4 /* TabBarController.swift in Sources */,
				6B6226FD29AB1BDE00CC78A4 /* NowPlaying.swift in Sources */,
				6B0F7F0E29A79A080009514C /* TMDBApi.swift in Sources */,
				6B43AD5929AFB10300411D25 /* GenreViewCell.swift in Sources */,
				6B1C152F29AB88DB00B02CB4 /* MovieDetailViewController.swift in Sources */,
				6BA6496A29A0CA47000EFC05 /* FeaturedViewController.swift in Sources */,
				6BD46DA029B2EDC500D15041 /* UserModel.swift in Sources */,
				6BD46D9C29B2ED0200D15041 /* AccountViewController.swift in Sources */,
				6BC774E629B77D69006FD215 /* TmdbApiRouter.swift in Sources */,
				6BD46D9E29B2ED0E00D15041 /* AccountViewModel.swift in Sources */,
				6BD46DA229B3063900D15041 /* Authentication.swift in Sources */,
				6B1340E529A796ED00949850 /* Movie.swift in Sources */,
				6B43AD5129AFAA8900411D25 /* GenreViewModel.swift in Sources */,
				6BA6496629A0CA47000EFC05 /* AppDelegate.swift in Sources */,
				6B1340E229A796A800949850 /* BaseCell.swift in Sources */,
				6BA6496829A0CA47000EFC05 /* SceneDelegate.swift in Sources */,
				6BD46DA829B37DBD00D15041 /* LoginViewModel.swift in Sources */,
				6B1C152929AB592E00B02CB4 /* SectionHeader.swift in Sources */,
				6B1C153129ABB39800B02CB4 /* MovieDetailViewModel.swift in Sources */,
				6B62270A29AB3B6C00CC78A4 /* Constant.swift in Sources */,
				6B0F7F1029A79F380009514C /* FeaturedViewModel.swift in Sources */,
				6B62270529AB1C6300CC78A4 /* TrendingMovieCell.swift in Sources */,
				6BD46DA429B3074600D15041 /* LoginViewController.swift in Sources */,
				6B43AD5329AFAACC00411D25 /* Genre.swift in Sources */,
			);
			runOnlyForDeploymentPostprocessing = 0;
		};
/* End PBXSourcesBuildPhase section */

/* Begin PBXVariantGroup section */
		6BA6496B29A0CA47000EFC05 /* Main.storyboard */ = {
			isa = PBXVariantGroup;
			children = (
				6BA6496C29A0CA47000EFC05 /* Base */,
			);
			name = Main.storyboard;
			sourceTree = "<group>";
		};
		6BA6497329A0CA47000EFC05 /* LaunchScreen.storyboard */ = {
			isa = PBXVariantGroup;
			children = (
				6BA6497429A0CA47000EFC05 /* Base */,
			);
			name = LaunchScreen.storyboard;
			sourceTree = "<group>";
		};
/* End PBXVariantGroup section */

/* Begin XCBuildConfiguration section */
		6BA6497729A0CA47000EFC05 /* Debug */ = {
			isa = XCBuildConfiguration;
			buildSettings = {
				ALWAYS_SEARCH_USER_PATHS = NO;
				CLANG_ANALYZER_NONNULL = YES;
				CLANG_ANALYZER_NUMBER_OBJECT_CONVERSION = YES_AGGRESSIVE;
				CLANG_CXX_LANGUAGE_STANDARD = "gnu++20";
				CLANG_ENABLE_MODULES = YES;
				CLANG_ENABLE_OBJC_ARC = YES;
				CLANG_ENABLE_OBJC_WEAK = YES;
				CLANG_WARN_BLOCK_CAPTURE_AUTORELEASING = YES;
				CLANG_WARN_BOOL_CONVERSION = YES;
				CLANG_WARN_COMMA = YES;
				CLANG_WARN_CONSTANT_CONVERSION = YES;
				CLANG_WARN_DEPRECATED_OBJC_IMPLEMENTATIONS = YES;
				CLANG_WARN_DIRECT_OBJC_ISA_USAGE = YES_ERROR;
				CLANG_WARN_DOCUMENTATION_COMMENTS = YES;
				CLANG_WARN_EMPTY_BODY = YES;
				CLANG_WARN_ENUM_CONVERSION = YES;
				CLANG_WARN_INFINITE_RECURSION = YES;
				CLANG_WARN_INT_CONVERSION = YES;
				CLANG_WARN_NON_LITERAL_NULL_CONVERSION = YES;
				CLANG_WARN_OBJC_IMPLICIT_RETAIN_SELF = YES;
				CLANG_WARN_OBJC_LITERAL_CONVERSION = YES;
				CLANG_WARN_OBJC_ROOT_CLASS = YES_ERROR;
				CLANG_WARN_QUOTED_INCLUDE_IN_FRAMEWORK_HEADER = YES;
				CLANG_WARN_RANGE_LOOP_ANALYSIS = YES;
				CLANG_WARN_STRICT_PROTOTYPES = YES;
				CLANG_WARN_SUSPICIOUS_MOVE = YES;
				CLANG_WARN_UNGUARDED_AVAILABILITY = YES_AGGRESSIVE;
				CLANG_WARN_UNREACHABLE_CODE = YES;
				CLANG_WARN__DUPLICATE_METHOD_MATCH = YES;
				COPY_PHASE_STRIP = NO;
				DEBUG_INFORMATION_FORMAT = dwarf;
				ENABLE_STRICT_OBJC_MSGSEND = YES;
				ENABLE_TESTABILITY = YES;
				GCC_C_LANGUAGE_STANDARD = gnu11;
				GCC_DYNAMIC_NO_PIC = NO;
				GCC_NO_COMMON_BLOCKS = YES;
				GCC_OPTIMIZATION_LEVEL = 0;
				GCC_PREPROCESSOR_DEFINITIONS = (
					"DEBUG=1",
					"$(inherited)",
				);
				GCC_WARN_64_TO_32_BIT_CONVERSION = YES;
				GCC_WARN_ABOUT_RETURN_TYPE = YES_ERROR;
				GCC_WARN_UNDECLARED_SELECTOR = YES;
				GCC_WARN_UNINITIALIZED_AUTOS = YES_AGGRESSIVE;
				GCC_WARN_UNUSED_FUNCTION = YES;
				GCC_WARN_UNUSED_VARIABLE = YES;
				IPHONEOS_DEPLOYMENT_TARGET = 16.2;
				MTL_ENABLE_DEBUG_INFO = INCLUDE_SOURCE;
				MTL_FAST_MATH = YES;
				ONLY_ACTIVE_ARCH = YES;
				SDKROOT = iphoneos;
				SWIFT_ACTIVE_COMPILATION_CONDITIONS = DEBUG;
				SWIFT_OPTIMIZATION_LEVEL = "-Onone";
			};
			name = Debug;
		};
		6BA6497829A0CA47000EFC05 /* Release */ = {
			isa = XCBuildConfiguration;
			buildSettings = {
				ALWAYS_SEARCH_USER_PATHS = NO;
				CLANG_ANALYZER_NONNULL = YES;
				CLANG_ANALYZER_NUMBER_OBJECT_CONVERSION = YES_AGGRESSIVE;
				CLANG_CXX_LANGUAGE_STANDARD = "gnu++20";
				CLANG_ENABLE_MODULES = YES;
				CLANG_ENABLE_OBJC_ARC = YES;
				CLANG_ENABLE_OBJC_WEAK = YES;
				CLANG_WARN_BLOCK_CAPTURE_AUTORELEASING = YES;
				CLANG_WARN_BOOL_CONVERSION = YES;
				CLANG_WARN_COMMA = YES;
				CLANG_WARN_CONSTANT_CONVERSION = YES;
				CLANG_WARN_DEPRECATED_OBJC_IMPLEMENTATIONS = YES;
				CLANG_WARN_DIRECT_OBJC_ISA_USAGE = YES_ERROR;
				CLANG_WARN_DOCUMENTATION_COMMENTS = YES;
				CLANG_WARN_EMPTY_BODY = YES;
				CLANG_WARN_ENUM_CONVERSION = YES;
				CLANG_WARN_INFINITE_RECURSION = YES;
				CLANG_WARN_INT_CONVERSION = YES;
				CLANG_WARN_NON_LITERAL_NULL_CONVERSION = YES;
				CLANG_WARN_OBJC_IMPLICIT_RETAIN_SELF = YES;
				CLANG_WARN_OBJC_LITERAL_CONVERSION = YES;
				CLANG_WARN_OBJC_ROOT_CLASS = YES_ERROR;
				CLANG_WARN_QUOTED_INCLUDE_IN_FRAMEWORK_HEADER = YES;
				CLANG_WARN_RANGE_LOOP_ANALYSIS = YES;
				CLANG_WARN_STRICT_PROTOTYPES = YES;
				CLANG_WARN_SUSPICIOUS_MOVE = YES;
				CLANG_WARN_UNGUARDED_AVAILABILITY = YES_AGGRESSIVE;
				CLANG_WARN_UNREACHABLE_CODE = YES;
				CLANG_WARN__DUPLICATE_METHOD_MATCH = YES;
				COPY_PHASE_STRIP = NO;
				DEBUG_INFORMATION_FORMAT = "dwarf-with-dsym";
				ENABLE_NS_ASSERTIONS = NO;
				ENABLE_STRICT_OBJC_MSGSEND = YES;
				GCC_C_LANGUAGE_STANDARD = gnu11;
				GCC_NO_COMMON_BLOCKS = YES;
				GCC_WARN_64_TO_32_BIT_CONVERSION = YES;
				GCC_WARN_ABOUT_RETURN_TYPE = YES_ERROR;
				GCC_WARN_UNDECLARED_SELECTOR = YES;
				GCC_WARN_UNINITIALIZED_AUTOS = YES_AGGRESSIVE;
				GCC_WARN_UNUSED_FUNCTION = YES;
				GCC_WARN_UNUSED_VARIABLE = YES;
				IPHONEOS_DEPLOYMENT_TARGET = 16.2;
				MTL_ENABLE_DEBUG_INFO = NO;
				MTL_FAST_MATH = YES;
				SDKROOT = iphoneos;
				SWIFT_COMPILATION_MODE = wholemodule;
				SWIFT_OPTIMIZATION_LEVEL = "-O";
				VALIDATE_PRODUCT = YES;
			};
			name = Release;
		};
		6BA6497A29A0CA47000EFC05 /* Debug */ = {
			isa = XCBuildConfiguration;
			baseConfigurationReference = 00DC0A483E973669B29A5C6D /* Pods-TMDB.debug.xcconfig */;
			buildSettings = {
				ASSETCATALOG_COMPILER_APPICON_NAME = AppIcon;
				ASSETCATALOG_COMPILER_GLOBAL_ACCENT_COLOR_NAME = AccentColor;
				CODE_SIGN_STYLE = Automatic;
				CURRENT_PROJECT_VERSION = 1;
				DEVELOPMENT_TEAM = 25H8B879XX;
				GENERATE_INFOPLIST_FILE = YES;
				INFOPLIST_FILE = TMDB/Info.plist;
				INFOPLIST_KEY_UIApplicationSupportsIndirectInputEvents = YES;
				INFOPLIST_KEY_UILaunchStoryboardName = LaunchScreen;
				INFOPLIST_KEY_UIMainStoryboardFile = Main;
				INFOPLIST_KEY_UISupportedInterfaceOrientations_iPad = "UIInterfaceOrientationPortrait UIInterfaceOrientationPortraitUpsideDown UIInterfaceOrientationLandscapeLeft UIInterfaceOrientationLandscapeRight";
				INFOPLIST_KEY_UISupportedInterfaceOrientations_iPhone = "UIInterfaceOrientationPortrait UIInterfaceOrientationLandscapeLeft UIInterfaceOrientationLandscapeRight";
				LD_RUNPATH_SEARCH_PATHS = (
					"$(inherited)",
					"@executable_path/Frameworks",
				);
				MARKETING_VERSION = 1.0;
				PRODUCT_BUNDLE_IDENTIFIER = kl.everly.TMDB;
				PRODUCT_NAME = "$(TARGET_NAME)";
				SWIFT_EMIT_LOC_STRINGS = YES;
				SWIFT_VERSION = 5.0;
				TARGETED_DEVICE_FAMILY = "1,2";
			};
			name = Debug;
		};
		6BA6497B29A0CA47000EFC05 /* Release */ = {
			isa = XCBuildConfiguration;
			baseConfigurationReference = 2DB3430C31A83BDE3B5B0163 /* Pods-TMDB.release.xcconfig */;
			buildSettings = {
				ASSETCATALOG_COMPILER_APPICON_NAME = AppIcon;
				ASSETCATALOG_COMPILER_GLOBAL_ACCENT_COLOR_NAME = AccentColor;
				CODE_SIGN_STYLE = Automatic;
				CURRENT_PROJECT_VERSION = 1;
				DEVELOPMENT_TEAM = 25H8B879XX;
				GENERATE_INFOPLIST_FILE = YES;
				INFOPLIST_FILE = TMDB/Info.plist;
				INFOPLIST_KEY_UIApplicationSupportsIndirectInputEvents = YES;
				INFOPLIST_KEY_UILaunchStoryboardName = LaunchScreen;
				INFOPLIST_KEY_UIMainStoryboardFile = Main;
				INFOPLIST_KEY_UISupportedInterfaceOrientations_iPad = "UIInterfaceOrientationPortrait UIInterfaceOrientationPortraitUpsideDown UIInterfaceOrientationLandscapeLeft UIInterfaceOrientationLandscapeRight";
				INFOPLIST_KEY_UISupportedInterfaceOrientations_iPhone = "UIInterfaceOrientationPortrait UIInterfaceOrientationLandscapeLeft UIInterfaceOrientationLandscapeRight";
				LD_RUNPATH_SEARCH_PATHS = (
					"$(inherited)",
					"@executable_path/Frameworks",
				);
				MARKETING_VERSION = 1.0;
				PRODUCT_BUNDLE_IDENTIFIER = kl.everly.TMDB;
				PRODUCT_NAME = "$(TARGET_NAME)";
				SWIFT_EMIT_LOC_STRINGS = YES;
				SWIFT_VERSION = 5.0;
				TARGETED_DEVICE_FAMILY = "1,2";
			};
			name = Release;
		};
/* End XCBuildConfiguration section */

/* Begin XCConfigurationList section */
		6BA6495D29A0CA47000EFC05 /* Build configuration list for PBXProject "TMDB" */ = {
			isa = XCConfigurationList;
			buildConfigurations = (
				6BA6497729A0CA47000EFC05 /* Debug */,
				6BA6497829A0CA47000EFC05 /* Release */,
			);
			defaultConfigurationIsVisible = 0;
			defaultConfigurationName = Release;
		};
		6BA6497929A0CA47000EFC05 /* Build configuration list for PBXNativeTarget "TMDB" */ = {
			isa = XCConfigurationList;
			buildConfigurations = (
				6BA6497A29A0CA47000EFC05 /* Debug */,
				6BA6497B29A0CA47000EFC05 /* Release */,
			);
			defaultConfigurationIsVisible = 0;
			defaultConfigurationName = Release;
		};
/* End XCConfigurationList section */

/* Begin XCVersionGroup section */
		6BA6496E29A0CA47000EFC05 /* TMDB.xcdatamodeld */ = {
			isa = XCVersionGroup;
			children = (
				6BA6496F29A0CA47000EFC05 /* TMDB.xcdatamodel */,
			);
			currentVersion = 6BA6496F29A0CA47000EFC05 /* TMDB.xcdatamodel */;
			path = TMDB.xcdatamodeld;
			sourceTree = "<group>";
			versionGroupType = wrapper.xcdatamodel;
		};
/* End XCVersionGroup section */
	};
	rootObject = 6BA6495A29A0CA47000EFC05 /* Project object */;
}
